
Microsoft Visual Studio Solution File, Format Version 12.00
# Visual Studio Version 17
VisualStudioVersion = 17.2.32526.322
MinimumVisualStudioVersion = 10.0.40219.1
Project("{9A19103F-16F7-4668-BE54-9A1E7A4F7556}") = "BlazorApp1.Server", "BlazorApp1\Server\BlazorApp1.Server.csproj", "{FA50000F-465C-4348-8807-92023AAEC2BD}"
EndProject
Project("{9A19103F-16F7-4668-BE54-9A1E7A4F7556}") = "BlazorApp1.Client", "BlazorApp1\Client\BlazorApp1.Client.csproj", "{3901C1E7-898D-4FE0-9BE1-1ADDBCD45027}"
EndProject
Project("{9A19103F-16F7-4668-BE54-9A1E7A4F7556}") = "BlazorApp1.Shared", "BlazorApp1\Shared\BlazorApp1.Shared.csproj", "{523754F2-9C09-47DA-AD79-BADDD375CFAE}"
EndProject
Global
	GlobalSection(SolutionConfigurationPlatforms) = preSolution
		Debug|Any CPU = Debug|Any CPU
		Release|Any CPU = Release|Any CPU
	EndGlobalSection
	GlobalSection(ProjectConfigurationPlatforms) = postSolution
		{FA50000F-465C-4348-8807-92023AAEC2BD}.Debug|Any CPU.ActiveCfg = Debug|Any CPU
		{FA50000F-465C-4348-8807-92023AAEC2BD}.Debug|Any CPU.Build.0 = Debug|Any CPU
		{FA50000F-465C-4348-8807-92023AAEC2BD}.Release|Any CPU.ActiveCfg = Release|Any CPU
		{FA50000F-465C-4348-8807-92023AAEC2BD}.Release|Any CPU.Build.0 = Release|Any CPU
		{3901C1E7-898D-4FE0-9BE1-1ADDBCD45027}.Debug|Any CPU.ActiveCfg = Debug|Any CPU
		{3901C1E7-898D-4FE0-9BE1-1ADDBCD45027}.Debug|Any CPU.Build.0 = Debug|Any CPU
		{3901C1E7-898D-4FE0-9BE1-1ADDBCD45027}.Release|Any CPU.ActiveCfg = Release|Any CPU
		{3901C1E7-898D-4FE0-9BE1-1ADDBCD45027}.Release|Any CPU.Build.0 = Release|Any CPU
		{523754F2-9C09-47DA-AD79-BADDD375CFAE}.Debug|Any CPU.ActiveCfg = Debug|Any CPU
		{523754F2-9C09-47DA-AD79-BADDD375CFAE}.Debug|Any CPU.Build.0 = Debug|Any CPU
		{523754F2-9C09-47DA-AD79-BADDD375CFAE}.Release|Any CPU.ActiveCfg = Release|Any CPU
		{523754F2-9C09-47DA-AD79-BADDD375CFAE}.Release|Any CPU.Build.0 = Release|Any CPU
	EndGlobalSection
	GlobalSection(SolutionProperties) = preSolution
		HideSolutionNode = FALSE
	EndGlobalSection
	GlobalSection(ExtensibilityGlobals) = postSolution
		SolutionGuid = {BFDAF85C-B0B8-4AF6-9664-9B7499C3B387}
	EndGlobalSection
EndGlobal
